
Microsoft Visual Studio Solution File, Format Version 12.00
# Visual Studio Version 17
VisualStudioVersion = 17.2.32526.322
MinimumVisualStudioVersion = 10.0.40219.1
Project("{9A19103F-16F7-4668-BE54-9A1E7A4F7556}") = "InheritancePartialClass", "CSharpTutorial\InheritancePartialClass.csproj", "{F73EA6F1-ED82-4393-9764-C472D052D826}"
EndProject
Project("{FAE04EC0-301F-11D3-BF4B-00C04F79EFBC}") = "Repetition Statements", "Repetition Statements\Repetition Statements.csproj", "{86402D55-1CEC-46D6-887B-80AE88DCD1E2}"
EndProject
Project("{FAE04EC0-301F-11D3-BF4B-00C04F79EFBC}") = "ArraysVariableParameter", "ArraysVariableParameter\ArraysVariableParameter.csproj", "{62F87898-5863-45FD-B5DD-4611D57D8208}"
EndProject
Global
	GlobalSection(SolutionConfigurationPlatforms) = preSolution
		Debug|Any CPU = Debug|Any CPU
		Release|Any CPU = Release|Any CPU
	EndGlobalSection
	GlobalSection(ProjectConfigurationPlatforms) = postSolution
		{F73EA6F1-ED82-4393-9764-C472D052D826}.Debug|Any CPU.ActiveCfg = Debug|Any CPU
		{F73EA6F1-ED82-4393-9764-C472D052D826}.Debug|Any CPU.Build.0 = Debug|Any CPU
		{F73EA6F1-ED82-4393-9764-C472D052D826}.Release|Any CPU.ActiveCfg = Release|Any CPU
		{F73EA6F1-ED82-4393-9764-C472D052D826}.Release|Any CPU.Build.0 = Release|Any CPU
		{86402D55-1CEC-46D6-887B-80AE88DCD1E2}.Debug|Any CPU.ActiveCfg = Debug|Any CPU
		{86402D55-1CEC-46D6-887B-80AE88DCD1E2}.Debug|Any CPU.Build.0 = Debug|Any CPU
		{86402D55-1CEC-46D6-887B-80AE88DCD1E2}.Release|Any CPU.ActiveCfg = Release|Any CPU
		{86402D55-1CEC-46D6-887B-80AE88DCD1E2}.Release|Any CPU.Build.0 = Release|Any CPU
		{62F87898-5863-45FD-B5DD-4611D57D8208}.Debug|Any CPU.ActiveCfg = Debug|Any CPU
		{62F87898-5863-45FD-B5DD-4611D57D8208}.Debug|Any CPU.Build.0 = Debug|Any CPU
		{62F87898-5863-45FD-B5DD-4611D57D8208}.Release|Any CPU.ActiveCfg = Release|Any CPU
		{62F87898-5863-45FD-B5DD-4611D57D8208}.Release|Any CPU.Build.0 = Release|Any CPU
	EndGlobalSection
	GlobalSection(SolutionProperties) = preSolution
		HideSolutionNode = FALSE
	EndGlobalSection
	GlobalSection(ExtensibilityGlobals) = postSolution
		SolutionGuid = {BB7416AD-29C1-4D45-8D20-6419E38FA0F8}
	EndGlobalSection
EndGlobal
